// !$*UTF8*$!
{
	archiveVersion = 1;
	classes = {
	};
	objectVersion = 77;
	objects = {

/* Begin PBXBuildFile section */
		89567A8E2DE60C220001BF54 /* oversApp.swift in Sources */ = {isa = PBXBuildFile; fileRef = 89567A8D2DE60C220001BF54 /* oversApp.swift */; };
		89567ABA2DE60D2E0001BF54 /* User.swift in Sources */ = {isa = PBXBuildFile; fileRef = 89567AB92DE60D2E0001BF54 /* User.swift */; };
		89567ABC2DE60D460001BF54 /* UserViewModel.swift in Sources */ = {isa = PBXBuildFile; fileRef = 89567ABB2DE60D460001BF54 /* UserViewModel.swift */; };
		89567ABE2DE60D5B0001BF54 /* ContentView.swift in Sources */ = {isa = PBXBuildFile; fileRef = 89567ABD2DE60D5B0001BF54 /* ContentView.swift */; };
		89567AC02DE60D6C0001BF54 /* UserProfileView.swift in Sources */ = {isa = PBXBuildFile; fileRef = 89567ABF2DE60D6C0001BF54 /* UserProfileView.swift */; };
		89567AC22DE60DEC0001BF54 /* DashboardView.swift in Sources */ = {isa = PBXBuildFile; fileRef = 89567AC12DE60DEC0001BF54 /* DashboardView.swift */; };
		89567AC52DE60E0A0001BF54 /* UserInfoCard.swift in Sources */ = {isa = PBXBuildFile; fileRef = 89567AC42DE60E0A0001BF54 /* UserInfoCard.swift */; };
		89567AC62DE60E0A0001BF54 /* FeatureGridView.swift in Sources */ = {isa = PBXBuildFile; fileRef = 89567AC32DE60E0A0001BF54 /* FeatureGridView.swift */; };
		89567AC82DE60E1E0001BF54 /* Theme.swift in Sources */ = {isa = PBXBuildFile; fileRef = 89567AC72DE60E1E0001BF54 /* Theme.swift */; };
		895E4C2C2DEC9A380027A682 /* AccountView.swift in Sources */ = {isa = PBXBuildFile; fileRef = 895E4C2B2DEC9A280027A682 /* AccountView.swift */; };
		895E4C2E2DEC9A570027A682 /* TranslateView.swift in Sources */ = {isa = PBXBuildFile; fileRef = 895E4C2D2DEC9A550027A682 /* TranslateView.swift */; };
		895E4C302DEC9A740027A682 /* SettingsView.swift in Sources */ = {isa = PBXBuildFile; fileRef = 895E4C2F2DEC9A720027A682 /* SettingsView.swift */; };
/* End PBXBuildFile section */

/* Begin PBXContainerItemProxy section */
		89567A982DE60C230001BF54 /* PBXContainerItemProxy */ = {
			isa = PBXContainerItemProxy;
			containerPortal = 89567A822DE60C220001BF54 /* Project object */;
			proxyType = 1;
			remoteGlobalIDString = 89567A892DE60C220001BF54;
			remoteInfo = overs;
		};
		89567AA22DE60C230001BF54 /* PBXContainerItemProxy */ = {
			isa = PBXContainerItemProxy;
			containerPortal = 89567A822DE60C220001BF54 /* Project object */;
			proxyType = 1;
			remoteGlobalIDString = 89567A892DE60C220001BF54;
			remoteInfo = overs;
		};
/* End PBXContainerItemProxy section */

/* Begin PBXFileReference section */
		89567A8A2DE60C220001BF54 /* overs.app */ = {isa = PBXFileReference; explicitFileType = wrapper.application; includeInIndex = 0; path = overs.app; sourceTree = BUILT_PRODUCTS_DIR; };
		89567A8D2DE60C220001BF54 /* oversApp.swift */ = {isa = PBXFileReference; lastKnownFileType = sourcecode.swift; path = oversApp.swift; sourceTree = "<group>"; };
		89567A972DE60C230001BF54 /* oversTests.xctest */ = {isa = PBXFileReference; explicitFileType = wrapper.cfbundle; includeInIndex = 0; path = oversTests.xctest; sourceTree = BUILT_PRODUCTS_DIR; };
		89567AA12DE60C230001BF54 /* oversUITests.xctest */ = {isa = PBXFileReference; explicitFileType = wrapper.cfbundle; includeInIndex = 0; path = oversUITests.xctest; sourceTree = BUILT_PRODUCTS_DIR; };
		89567AB92DE60D2E0001BF54 /* User.swift */ = {isa = PBXFileReference; lastKnownFileType = sourcecode.swift; path = User.swift; sourceTree = "<group>"; };
		89567ABB2DE60D460001BF54 /* UserViewModel.swift */ = {isa = PBXFileReference; lastKnownFileType = sourcecode.swift; path = UserViewModel.swift; sourceTree = "<group>"; };
		89567ABD2DE60D5B0001BF54 /* ContentView.swift */ = {isa = PBXFileReference; lastKnownFileType = sourcecode.swift; path = ContentView.swift; sourceTree = "<group>"; };
		89567ABF2DE60D6C0001BF54 /* UserProfileView.swift */ = {isa = PBXFileReference; lastKnownFileType = sourcecode.swift; path = UserProfileView.swift; sourceTree = "<group>"; };
		89567AC12DE60DEC0001BF54 /* DashboardView.swift */ = {isa = PBXFileReference; lastKnownFileType = sourcecode.swift; path = DashboardView.swift; sourceTree = "<group>"; };
		89567AC32DE60E0A0001BF54 /* FeatureGridView.swift */ = {isa = PBXFileReference; lastKnownFileType = sourcecode.swift; path = FeatureGridView.swift; sourceTree = "<group>"; };
		89567AC42DE60E0A0001BF54 /* UserInfoCard.swift */ = {isa = PBXFileReference; lastKnownFileType = sourcecode.swift; path = UserInfoCard.swift; sourceTree = "<group>"; };
		89567AC72DE60E1E0001BF54 /* Theme.swift */ = {isa = PBXFileReference; lastKnownFileType = sourcecode.swift; path = Theme.swift; sourceTree = "<group>"; };
		895E4C2B2DEC9A280027A682 /* AccountView.swift */ = {isa = PBXFileReference; lastKnownFileType = sourcecode.swift; path = AccountView.swift; sourceTree = "<group>"; };
		895E4C2D2DEC9A550027A682 /* TranslateView.swift */ = {isa = PBXFileReference; lastKnownFileType = sourcecode.swift; path = TranslateView.swift; sourceTree = "<group>"; };
		895E4C2F2DEC9A720027A682 /* SettingsView.swift */ = {isa = PBXFileReference; lastKnownFileType = sourcecode.swift; path = SettingsView.swift; sourceTree = "<group>"; };
/* End PBXFileReference section */

/* Begin PBXFileSystemSynchronizedRootGroup section */
		89567A8C2DE60C220001BF54 /* overs */ = {
			isa = PBXFileSystemSynchronizedRootGroup;
			path = overs;
			sourceTree = "<group>";
		};
		89567A9A2DE60C230001BF54 /* oversTests */ = {
			isa = PBXFileSystemSynchronizedRootGroup;
			path = oversTests;
			sourceTree = "<group>";
		};
		89567AA42DE60C230001BF54 /* oversUITests */ = {
			isa = PBXFileSystemSynchronizedRootGroup;
			path = oversUITests;
			sourceTree = "<group>";
		};
/* End PBXFileSystemSynchronizedRootGroup section */

/* Begin PBXFrameworksBuildPhase section */
		89567A872DE60C220001BF54 /* Frameworks */ = {
			isa = PBXFrameworksBuildPhase;
			buildActionMask = 2147483647;
			files = (
			);
			runOnlyForDeploymentPostprocessing = 0;
		};
		89567A942DE60C230001BF54 /* Frameworks */ = {
			isa = PBXFrameworksBuildPhase;
			buildActionMask = 2147483647;
			files = (
			);
			runOnlyForDeploymentPostprocessing = 0;
		};
		89567A9E2DE60C230001BF54 /* Frameworks */ = {
			isa = PBXFrameworksBuildPhase;
			buildActionMask = 2147483647;
			files = (
			);
			runOnlyForDeploymentPostprocessing = 0;
		};
/* End PBXFrameworksBuildPhase section */

/* Begin PBXGroup section */
		89567A812DE60C220001BF54 = {
			isa = PBXGroup;
			children = (
				89567A8D2DE60C220001BF54 /* oversApp.swift */,
				89567AB82DE60D060001BF54 /* Models */,
				89567AB72DE60CFA0001BF54 /* ViewsModels */,
				89567AB62DE60CEF0001BF54 /* Views */,
				89567AB52DE60CC90001BF54 /* Resources */,
				89567AB42DE60C8B0001BF54 /* Utils */,
				89567A8C2DE60C220001BF54 /* overs */,
				89567A9A2DE60C230001BF54 /* oversTests */,
				89567AA42DE60C230001BF54 /* oversUITests */,
				89567A8B2DE60C220001BF54 /* Products */,
			);
			sourceTree = "<group>";
		};
		89567A8B2DE60C220001BF54 /* Products */ = {
			isa = PBXGroup;
			children = (
				89567A8A2DE60C220001BF54 /* overs.app */,
				89567A972DE60C230001BF54 /* oversTests.xctest */,
				89567AA12DE60C230001BF54 /* oversUITests.xctest */,
			);
			name = Products;
			sourceTree = "<group>";
		};
		89567AB42DE60C8B0001BF54 /* Utils */ = {
			isa = PBXGroup;
			children = (
				89567AC72DE60E1E0001BF54 /* Theme.swift */,
			);
			path = Utils;
			sourceTree = "<group>";
		};
		89567AB52DE60CC90001BF54 /* Resources */ = {
			isa = PBXGroup;
			children = (
			);
			path = Resources;
			sourceTree = "<group>";
		};
		89567AB62DE60CEF0001BF54 /* Views */ = {
			isa = PBXGroup;
			children = (
				895E4C2F2DEC9A720027A682 /* SettingsView.swift */,
				895E4C2D2DEC9A550027A682 /* TranslateView.swift */,
				895E4C2B2DEC9A280027A682 /* AccountView.swift */,
				89567AC32DE60E0A0001BF54 /* FeatureGridView.swift */,
				89567AC42DE60E0A0001BF54 /* UserInfoCard.swift */,
				89567AC12DE60DEC0001BF54 /* DashboardView.swift */,
				89567ABF2DE60D6C0001BF54 /* UserProfileView.swift */,
				89567ABD2DE60D5B0001BF54 /* ContentView.swift */,
			);
			path = Views;
			sourceTree = "<group>";
		};
		89567AB72DE60CFA0001BF54 /* ViewsModels */ = {
			isa = PBXGroup;
			children = (
				89567ABB2DE60D460001BF54 /* UserViewModel.swift */,
			);
			path = ViewsModels;
			sourceTree = "<group>";
		};
		89567AB82DE60D060001BF54 /* Models */ = {
			isa = PBXGroup;
			children = (
				89567AB92DE60D2E0001BF54 /* User.swift */,
			);
			path = Models;
			sourceTree = "<group>";
		};
/* End PBXGroup section */

/* Begin PBXNativeTarget section */
		89567A892DE60C220001BF54 /* overs */ = {
			isa = PBXNativeTarget;
			buildConfigurationList = 89567AAB2DE60C230001BF54 /* Build configuration list for PBXNativeTarget "overs" */;
			buildPhases = (
				89567A862DE60C220001BF54 /* Sources */,
				89567A872DE60C220001BF54 /* Frameworks */,
				89567A882DE60C220001BF54 /* Resources */,
			);
			buildRules = (
			);
			dependencies = (
			);
			fileSystemSynchronizedGroups = (
				89567A8C2DE60C220001BF54 /* overs */,
			);
			name = overs;
			packageProductDependencies = (
			);
			productName = overs;
			productReference = 89567A8A2DE60C220001BF54 /* overs.app */;
			productType = "com.apple.product-type.application";
		};
		89567A962DE60C230001BF54 /* oversTests */ = {
			isa = PBXNativeTarget;
			buildConfigurationList = 89567AAE2DE60C230001BF54 /* Build configuration list for PBXNativeTarget "oversTests" */;
			buildPhases = (
				89567A932DE60C230001BF54 /* Sources */,
				89567A942DE60C230001BF54 /* Frameworks */,
				89567A952DE60C230001BF54 /* Resources */,
			);
			buildRules = (
			);
			dependencies = (
				89567A992DE60C230001BF54 /* PBXTargetDependency */,
			);
			fileSystemSynchronizedGroups = (
				89567A9A2DE60C230001BF54 /* oversTests */,
			);
			name = oversTests;
			packageProductDependencies = (
			);
			productName = oversTests;
			productReference = 89567A972DE60C230001BF54 /* oversTests.xctest */;
			productType = "com.apple.product-type.bundle.unit-test";
		};
		89567AA02DE60C230001BF54 /* oversUITests */ = {
			isa = PBXNativeTarget;
			buildConfigurationList = 89567AB12DE60C230001BF54 /* Build configuration list for PBXNativeTarget "oversUITests" */;
			buildPhases = (
				89567A9D2DE60C230001BF54 /* Sources */,
				89567A9E2DE60C230001BF54 /* Frameworks */,
				89567A9F2DE60C230001BF54 /* Resources */,
			);
			buildRules = (
			);
			dependencies = (
				89567AA32DE60C230001BF54 /* PBXTargetDependency */,
			);
			fileSystemSynchronizedGroups = (
				89567AA42DE60C230001BF54 /* oversUITests */,
			);
			name = oversUITests;
			packageProductDependencies = (
			);
			productName = oversUITests;
			productReference = 89567AA12DE60C230001BF54 /* oversUITests.xctest */;
			productType = "com.apple.product-type.bundle.ui-testing";
		};
/* End PBXNativeTarget section */

/* Begin PBXProject section */
		89567A822DE60C220001BF54 /* Project object */ = {
			isa = PBXProject;
			attributes = {
				BuildIndependentTargetsInParallel = 1;
				LastSwiftUpdateCheck = 1630;
				LastUpgradeCheck = 1630;
				TargetAttributes = {
					89567A892DE60C220001BF54 = {
						CreatedOnToolsVersion = 16.3;
					};
					89567A962DE60C230001BF54 = {
						CreatedOnToolsVersion = 16.3;
						TestTargetID = 89567A892DE60C220001BF54;
					};
					89567AA02DE60C230001BF54 = {
						CreatedOnToolsVersion = 16.3;
						TestTargetID = 89567A892DE60C220001BF54;
					};
				};
			};
			buildConfigurationList = 89567A852DE60C220001BF54 /* Build configuration list for PBXProject "overs" */;
			developmentRegion = en;
			hasScannedForEncodings = 0;
			knownRegions = (
				en,
				Base,
			);
			mainGroup = 89567A812DE60C220001BF54;
			minimizedProjectReferenceProxies = 1;
			preferredProjectObjectVersion = 77;
			productRefGroup = 89567A8B2DE60C220001BF54 /* Products */;
			projectDirPath = "";
			projectRoot = "";
			targets = (
				89567A892DE60C220001BF54 /* overs */,
				89567A962DE60C230001BF54 /* oversTests */,
				89567AA02DE60C230001BF54 /* oversUITests */,
			);
		};
/* End PBXProject section */

/* Begin PBXResourcesBuildPhase section */
		89567A882DE60C220001BF54 /* Resources */ = {
			isa = PBXResourcesBuildPhase;
			buildActionMask = 2147483647;
			files = (
			);
			runOnlyForDeploymentPostprocessing = 0;
		};
		89567A952DE60C230001BF54 /* Resources */ = {
			isa = PBXResourcesBuildPhase;
			buildActionMask = 2147483647;
			files = (
			);
			runOnlyForDeploymentPostprocessing = 0;
		};
		89567A9F2DE60C230001BF54 /* Resources */ = {
			isa = PBXResourcesBuildPhase;
			buildActionMask = 2147483647;
			files = (
			);
			runOnlyForDeploymentPostprocessing = 0;
		};
/* End PBXResourcesBuildPhase section */

/* Begin PBXSourcesBuildPhase section */
		89567A862DE60C220001BF54 /* Sources */ = {
			isa = PBXSourcesBuildPhase;
			buildActionMask = 2147483647;
			files = (
				89567AC02DE60D6C0001BF54 /* UserProfileView.swift in Sources */,
				89567ABE2DE60D5B0001BF54 /* ContentView.swift in Sources */,
				89567AC22DE60DEC0001BF54 /* DashboardView.swift in Sources */,
				89567ABC2DE60D460001BF54 /* UserViewModel.swift in Sources */,
				895E4C2C2DEC9A380027A682 /* AccountView.swift in Sources */,
				89567A8E2DE60C220001BF54 /* oversApp.swift in Sources */,
				89567ABA2DE60D2E0001BF54 /* User.swift in Sources */,
				89567AC82DE60E1E0001BF54 /* Theme.swift in Sources */,
				89567AC52DE60E0A0001BF54 /* UserInfoCard.swift in Sources */,
				895E4C302DEC9A740027A682 /* SettingsView.swift in Sources */,
				89567AC62DE60E0A0001BF54 /* FeatureGridView.swift in Sources */,
				895E4C2E2DEC9A570027A682 /* TranslateView.swift in Sources */,
			);
			runOnlyForDeploymentPostprocessing = 0;
		};
		89567A932DE60C230001BF54 /* Sources */ = {
			isa = PBXSourcesBuildPhase;
			buildActionMask = 2147483647;
			files = (
			);
			runOnlyForDeploymentPostprocessing = 0;
		};
		89567A9D2DE60C230001BF54 /* Sources */ = {
			isa = PBXSourcesBuildPhase;
			buildActionMask = 2147483647;
			files = (
			);
			runOnlyForDeploymentPostprocessing = 0;
		};
/* End PBXSourcesBuildPhase section */

/* Begin PBXTargetDependency section */
		89567A992DE60C230001BF54 /* PBXTargetDependency */ = {
			isa = PBXTargetDependency;
			target = 89567A892DE60C220001BF54 /* overs */;
			targetProxy = 89567A982DE60C230001BF54 /* PBXContainerItemProxy */;
		};
		89567AA32DE60C230001BF54 /* PBXTargetDependency */ = {
			isa = PBXTargetDependency;
			target = 89567A892DE60C220001BF54 /* overs */;
			targetProxy = 89567AA22DE60C230001BF54 /* PBXContainerItemProxy */;
		};
/* End PBXTargetDependency section */

/* Begin XCBuildConfiguration section */
		89567AA92DE60C230001BF54 /* Debug */ = {
			isa = XCBuildConfiguration;
			buildSettings = {
				ALWAYS_SEARCH_USER_PATHS = NO;
				ASSETCATALOG_COMPILER_GENERATE_SWIFT_ASSET_SYMBOL_EXTENSIONS = YES;
				CLANG_ANALYZER_NONNULL = YES;
				CLANG_ANALYZER_NUMBER_OBJECT_CONVERSION = YES_AGGRESSIVE;
				CLANG_CXX_LANGUAGE_STANDARD = "gnu++20";
				CLANG_ENABLE_MODULES = YES;
				CLANG_ENABLE_OBJC_ARC = YES;
				CLANG_ENABLE_OBJC_WEAK = YES;
				CLANG_WARN_BLOCK_CAPTURE_AUTORELEASING = YES;
				CLANG_WARN_BOOL_CONVERSION = YES;
				CLANG_WARN_COMMA = YES;
				CLANG_WARN_CONSTANT_CONVERSION = YES;
				CLANG_WARN_DEPRECATED_OBJC_IMPLEMENTATIONS = YES;
				CLANG_WARN_DIRECT_OBJC_ISA_USAGE = YES_ERROR;
				CLANG_WARN_DOCUMENTATION_COMMENTS = YES;
				CLANG_WARN_EMPTY_BODY = YES;
				CLANG_WARN_ENUM_CONVERSION = YES;
				CLANG_WARN_INFINITE_RECURSION = YES;
				CLANG_WARN_INT_CONVERSION = YES;
				CLANG_WARN_NON_LITERAL_NULL_CONVERSION = YES;
				CLANG_WARN_OBJC_IMPLICIT_RETAIN_SELF = YES;
				CLANG_WARN_OBJC_LITERAL_CONVERSION = YES;
				CLANG_WARN_OBJC_ROOT_CLASS = YES_ERROR;
				CLANG_WARN_QUOTED_INCLUDE_IN_FRAMEWORK_HEADER = YES;
				CLANG_WARN_RANGE_LOOP_ANALYSIS = YES;
				CLANG_WARN_STRICT_PROTOTYPES = YES;
				CLANG_WARN_SUSPICIOUS_MOVE = YES;
				CLANG_WARN_UNGUARDED_AVAILABILITY = YES_AGGRESSIVE;
				CLANG_WARN_UNREACHABLE_CODE = YES;
				CLANG_WARN__DUPLICATE_METHOD_MATCH = YES;
				COPY_PHASE_STRIP = NO;
				DEBUG_INFORMATION_FORMAT = dwarf;
				DEVELOPMENT_TEAM = A99BTKQZ9Z;
				ENABLE_STRICT_OBJC_MSGSEND = YES;
				ENABLE_TESTABILITY = YES;
				ENABLE_USER_SCRIPT_SANDBOXING = YES;
				GCC_C_LANGUAGE_STANDARD = gnu17;
				GCC_DYNAMIC_NO_PIC = NO;
				GCC_NO_COMMON_BLOCKS = YES;
				GCC_OPTIMIZATION_LEVEL = 0;
				GCC_PREPROCESSOR_DEFINITIONS = (
					"DEBUG=1",
					"$(inherited)",
				);
				GCC_WARN_64_TO_32_BIT_CONVERSION = YES;
				GCC_WARN_ABOUT_RETURN_TYPE = YES_ERROR;
				GCC_WARN_UNDECLARED_SELECTOR = YES;
				GCC_WARN_UNINITIALIZED_AUTOS = YES_AGGRESSIVE;
				GCC_WARN_UNUSED_FUNCTION = YES;
				GCC_WARN_UNUSED_VARIABLE = YES;
				IPHONEOS_DEPLOYMENT_TARGET = 18.4;
				LOCALIZATION_PREFERS_STRING_CATALOGS = YES;
				MTL_ENABLE_DEBUG_INFO = INCLUDE_SOURCE;
				MTL_FAST_MATH = YES;
				ONLY_ACTIVE_ARCH = YES;
				SDKROOT = iphoneos;
				SWIFT_ACTIVE_COMPILATION_CONDITIONS = "DEBUG $(inherited)";
				SWIFT_OPTIMIZATION_LEVEL = "-Onone";
			};
			name = Debug;
		};
		89567AAA2DE60C230001BF54 /* Release */ = {
			isa = XCBuildConfiguration;
			buildSettings = {
				ALWAYS_SEARCH_USER_PATHS = NO;
				ASSETCATALOG_COMPILER_GENERATE_SWIFT_ASSET_SYMBOL_EXTENSIONS = YES;
				CLANG_ANALYZER_NONNULL = YES;
				CLANG_ANALYZER_NUMBER_OBJECT_CONVERSION = YES_AGGRESSIVE;
				CLANG_CXX_LANGUAGE_STANDARD = "gnu++20";
				CLANG_ENABLE_MODULES = YES;
				CLANG_ENABLE_OBJC_ARC = YES;
				CLANG_ENABLE_OBJC_WEAK = YES;
				CLANG_WARN_BLOCK_CAPTURE_AUTORELEASING = YES;
				CLANG_WARN_BOOL_CONVERSION = YES;
				CLANG_WARN_COMMA = YES;
				CLANG_WARN_CONSTANT_CONVERSION = YES;
				CLANG_WARN_DEPRECATED_OBJC_IMPLEMENTATIONS = YES;
				CLANG_WARN_DIRECT_OBJC_ISA_USAGE = YES_ERROR;
				CLANG_WARN_DOCUMENTATION_COMMENTS = YES;
				CLANG_WARN_EMPTY_BODY = YES;
				CLANG_WARN_ENUM_CONVERSION = YES;
				CLANG_WARN_INFINITE_RECURSION = YES;
				CLANG_WARN_INT_CONVERSION = YES;
				CLANG_WARN_NON_LITERAL_NULL_CONVERSION = YES;
				CLANG_WARN_OBJC_IMPLICIT_RETAIN_SELF = YES;
				CLANG_WARN_OBJC_LITERAL_CONVERSION = YES;
				CLANG_WARN_OBJC_ROOT_CLASS = YES_ERROR;
				CLANG_WARN_QUOTED_INCLUDE_IN_FRAMEWORK_HEADER = YES;
				CLANG_WARN_RANGE_LOOP_ANALYSIS = YES;
				CLANG_WARN_STRICT_PROTOTYPES = YES;
				CLANG_WARN_SUSPICIOUS_MOVE = YES;
				CLANG_WARN_UNGUARDED_AVAILABILITY = YES_AGGRESSIVE;
				CLANG_WARN_UNREACHABLE_CODE = YES;
				CLANG_WARN__DUPLICATE_METHOD_MATCH = YES;
				COPY_PHASE_STRIP = NO;
				DEBUG_INFORMATION_FORMAT = "dwarf-with-dsym";
				DEVELOPMENT_TEAM = A99BTKQZ9Z;
				ENABLE_NS_ASSERTIONS = NO;
				ENABLE_STRICT_OBJC_MSGSEND = YES;
				ENABLE_USER_SCRIPT_SANDBOXING = YES;
				GCC_C_LANGUAGE_STANDARD = gnu17;
				GCC_NO_COMMON_BLOCKS = YES;
				GCC_WARN_64_TO_32_BIT_CONVERSION = YES;
				GCC_WARN_ABOUT_RETURN_TYPE = YES_ERROR;
				GCC_WARN_UNDECLARED_SELECTOR = YES;
				GCC_WARN_UNINITIALIZED_AUTOS = YES_AGGRESSIVE;
				GCC_WARN_UNUSED_FUNCTION = YES;
				GCC_WARN_UNUSED_VARIABLE = YES;
				IPHONEOS_DEPLOYMENT_TARGET = 18.4;
				LOCALIZATION_PREFERS_STRING_CATALOGS = YES;
				MTL_ENABLE_DEBUG_INFO = NO;
				MTL_FAST_MATH = YES;
				SDKROOT = iphoneos;
				SWIFT_COMPILATION_MODE = wholemodule;
				VALIDATE_PRODUCT = YES;
			};
			name = Release;
		};
		89567AAC2DE60C230001BF54 /* Debug */ = {
			isa = XCBuildConfiguration;
			buildSettings = {
				ASSETCATALOG_COMPILER_APPICON_NAME = AppIcon;
				ASSETCATALOG_COMPILER_GLOBAL_ACCENT_COLOR_NAME = AccentColor;
				CODE_SIGN_STYLE = Automatic;
				CURRENT_PROJECT_VERSION = 1;
				DEVELOPMENT_TEAM = A99BTKQZ9Z;
				ENABLE_PREVIEWS = YES;
				GENERATE_INFOPLIST_FILE = YES;
				INFOPLIST_KEY_UIApplicationSceneManifest_Generation = YES;
				INFOPLIST_KEY_UIApplicationSupportsIndirectInputEvents = YES;
				INFOPLIST_KEY_UILaunchScreen_Generation = YES;
				INFOPLIST_KEY_UISupportedInterfaceOrientations_iPad = "UIInterfaceOrientationPortrait UIInterfaceOrientationPortraitUpsideDown UIInterfaceOrientationLandscapeLeft UIInterfaceOrientationLandscapeRight";
				INFOPLIST_KEY_UISupportedInterfaceOrientations_iPhone = "UIInterfaceOrientationPortrait UIInterfaceOrientationLandscapeLeft UIInterfaceOrientationLandscapeRight";
				LD_RUNPATH_SEARCH_PATHS = (
					"$(inherited)",
					"@executable_path/Frameworks",
				);
				MARKETING_VERSION = 1.0;
				PRODUCT_BUNDLE_IDENTIFIER = com.1eeh0lin5.overs;
				PRODUCT_NAME = "$(TARGET_NAME)";
				SWIFT_EMIT_LOC_STRINGS = YES;
				SWIFT_VERSION = 5.0;
				TARGETED_DEVICE_FAMILY = "1,2";
			};
			name = Debug;
		};
		89567AAD2DE60C230001BF54 /* Release */ = {
			isa = XCBuildConfiguration;
			buildSettings = {
				ASSETCATALOG_COMPILER_APPICON_NAME = AppIcon;
				ASSETCATALOG_COMPILER_GLOBAL_ACCENT_COLOR_NAME = AccentColor;
				CODE_SIGN_STYLE = Automatic;
				CURRENT_PROJECT_VERSION = 1;
				DEVELOPMENT_TEAM = A99BTKQZ9Z;
				ENABLE_PREVIEWS = YES;
				GENERATE_INFOPLIST_FILE = YES;
				INFOPLIST_KEY_UIApplicationSceneManifest_Generation = YES;
				INFOPLIST_KEY_UIApplicationSupportsIndirectInputEvents = YES;
				INFOPLIST_KEY_UILaunchScreen_Generation = YES;
				INFOPLIST_KEY_UISupportedInterfaceOrientations_iPad = "UIInterfaceOrientationPortrait UIInterfaceOrientationPortraitUpsideDown UIInterfaceOrientationLandscapeLeft UIInterfaceOrientationLandscapeRight";
				INFOPLIST_KEY_UISupportedInterfaceOrientations_iPhone = "UIInterfaceOrientationPortrait UIInterfaceOrientationLandscapeLeft UIInterfaceOrientationLandscapeRight";
				LD_RUNPATH_SEARCH_PATHS = (
					"$(inherited)",
					"@executable_path/Frameworks",
				);
				MARKETING_VERSION = 1.0;
				PRODUCT_BUNDLE_IDENTIFIER = com.1eeh0lin5.overs;
				PRODUCT_NAME = "$(TARGET_NAME)";
				SWIFT_EMIT_LOC_STRINGS = YES;
				SWIFT_VERSION = 5.0;
				TARGETED_DEVICE_FAMILY = "1,2";
			};
			name = Release;
		};
		89567AAF2DE60C230001BF54 /* Debug */ = {
			isa = XCBuildConfiguration;
			buildSettings = {
				BUNDLE_LOADER = "$(TEST_HOST)";
				CODE_SIGN_STYLE = Automatic;
				CURRENT_PROJECT_VERSION = 1;
				DEVELOPMENT_TEAM = A99BTKQZ9Z;
				GENERATE_INFOPLIST_FILE = YES;
				IPHONEOS_DEPLOYMENT_TARGET = 18.4;
				MARKETING_VERSION = 1.0;
				PRODUCT_BUNDLE_IDENTIFIER = com.1eeh0lin5.oversTests;
				PRODUCT_NAME = "$(TARGET_NAME)";
				SWIFT_EMIT_LOC_STRINGS = NO;
				SWIFT_VERSION = 5.0;
				TARGETED_DEVICE_FAMILY = "1,2";
				TEST_HOST = "$(BUILT_PRODUCTS_DIR)/overs.app/$(BUNDLE_EXECUTABLE_FOLDER_PATH)/overs";
			};
			name = Debug;
		};
		89567AB02DE60C230001BF54 /* Release */ = {
			isa = XCBuildConfiguration;
			buildSettings = {
				BUNDLE_LOADER = "$(TEST_HOST)";
				CODE_SIGN_STYLE = Automatic;
				CURRENT_PROJECT_VERSION = 1;
				DEVELOPMENT_TEAM = A99BTKQZ9Z;
				GENERATE_INFOPLIST_FILE = YES;
				IPHONEOS_DEPLOYMENT_TARGET = 18.4;
				MARKETING_VERSION = 1.0;
				PRODUCT_BUNDLE_IDENTIFIER = com.1eeh0lin5.oversTests;
				PRODUCT_NAME = "$(TARGET_NAME)";
				SWIFT_EMIT_LOC_STRINGS = NO;
				SWIFT_VERSION = 5.0;
				TARGETED_DEVICE_FAMILY = "1,2";
				TEST_HOST = "$(BUILT_PRODUCTS_DIR)/overs.app/$(BUNDLE_EXECUTABLE_FOLDER_PATH)/overs";
			};
			name = Release;
		};
		89567AB22DE60C230001BF54 /* Debug */ = {
			isa = XCBuildConfiguration;
			buildSettings = {
				CODE_SIGN_STYLE = Automatic;
				CURRENT_PROJECT_VERSION = 1;
				DEVELOPMENT_TEAM = A99BTKQZ9Z;
				GENERATE_INFOPLIST_FILE = YES;
				MARKETING_VERSION = 1.0;
				PRODUCT_BUNDLE_IDENTIFIER = com.1eeh0lin5.oversUITests;
				PRODUCT_NAME = "$(TARGET_NAME)";
				SWIFT_EMIT_LOC_STRINGS = NO;
				SWIFT_VERSION = 5.0;
				TARGETED_DEVICE_FAMILY = "1,2";
				TEST_TARGET_NAME = overs;
			};
			name = Debug;
		};
		89567AB32DE60C230001BF54 /* Release */ = {
			isa = XCBuildConfiguration;
			buildSettings = {
				CODE_SIGN_STYLE = Automatic;
				CURRENT_PROJECT_VERSION = 1;
				DEVELOPMENT_TEAM = A99BTKQZ9Z;
				GENERATE_INFOPLIST_FILE = YES;
				MARKETING_VERSION = 1.0;
				PRODUCT_BUNDLE_IDENTIFIER = com.1eeh0lin5.oversUITests;
				PRODUCT_NAME = "$(TARGET_NAME)";
				SWIFT_EMIT_LOC_STRINGS = NO;
				SWIFT_VERSION = 5.0;
				TARGETED_DEVICE_FAMILY = "1,2";
				TEST_TARGET_NAME = overs;
			};
			name = Release;
		};
/* End XCBuildConfiguration section */

/* Begin XCConfigurationList section */
		89567A852DE60C220001BF54 /* Build configuration list for PBXProject "overs" */ = {
			isa = XCConfigurationList;
			buildConfigurations = (
				89567AA92DE60C230001BF54 /* Debug */,
				89567AAA2DE60C230001BF54 /* Release */,
			);
			defaultConfigurationIsVisible = 0;
			defaultConfigurationName = Release;
		};
		89567AAB2DE60C230001BF54 /* Build configuration list for PBXNativeTarget "overs" */ = {
			isa = XCConfigurationList;
			buildConfigurations = (
				89567AAC2DE60C230001BF54 /* Debug */,
				89567AAD2DE60C230001BF54 /* Release */,
			);
			defaultConfigurationIsVisible = 0;
			defaultConfigurationName = Release;
		};
		89567AAE2DE60C230001BF54 /* Build configuration list for PBXNativeTarget "oversTests" */ = {
			isa = XCConfigurationList;
			buildConfigurations = (
				89567AAF2DE60C230001BF54 /* Debug */,
				89567AB02DE60C230001BF54 /* Release */,
			);
			defaultConfigurationIsVisible = 0;
			defaultConfigurationName = Release;
		};
		89567AB12DE60C230001BF54 /* Build configuration list for PBXNativeTarget "oversUITests" */ = {
			isa = XCConfigurationList;
			buildConfigurations = (
				89567AB22DE60C230001BF54 /* Debug */,
				89567AB32DE60C230001BF54 /* Release */,
			);
			defaultConfigurationIsVisible = 0;
			defaultConfigurationName = Release;
		};
/* End XCConfigurationList section */
	};
	rootObject = 89567A822DE60C220001BF54 /* Project object */;
}
